
Microsoft Visual Studio Solution File, Format Version 12.00
# Visual Studio 15
VisualStudioVersion = 15.0.26730.16
MinimumVisualStudioVersion = 10.0.40219.1
Project("{FAE04EC0-301F-11D3-BF4B-00C04F79EFBC}") = "Gui", "Histogram\Gui.csproj", "{E6842BB2-3913-46B0-A3F7-1BDFAAAC13A4}"
EndProject
Project("{FAE04EC0-301F-11D3-BF4B-00C04F79EFBC}") = "Data", "Data\Data.csproj", "{43D51B71-2DB1-4FA6-A0F8-AFDBA95B4A69}"
EndProject
Project("{FAE04EC0-301F-11D3-BF4B-00C04F79EFBC}") = "Logica", "ClassLibrary1\Logica.csproj", "{CA7EAB25-A94C-4A75-97F3-A9787C5FF585}"
EndProject
Global
	GlobalSection(SolutionConfigurationPlatforms) = preSolution
		Debug|Any CPU = Debug|Any CPU
		Release|Any CPU = Release|Any CPU
	EndGlobalSection
	GlobalSection(ProjectConfigurationPlatforms) = postSolution
		{E6842BB2-3913-46B0-A3F7-1BDFAAAC13A4}.Debug|Any CPU.ActiveCfg = Debug|Any CPU
		{E6842BB2-3913-46B0-A3F7-1BDFAAAC13A4}.Debug|Any CPU.Build.0 = Debug|Any CPU
		{E6842BB2-3913-46B0-A3F7-1BDFAAAC13A4}.Release|Any CPU.ActiveCfg = Release|Any CPU
		{E6842BB2-3913-46B0-A3F7-1BDFAAAC13A4}.Release|Any CPU.Build.0 = Release|Any CPU
		{43D51B71-2DB1-4FA6-A0F8-AFDBA95B4A69}.Debug|Any CPU.ActiveCfg = Debug|Any CPU
		{43D51B71-2DB1-4FA6-A0F8-AFDBA95B4A69}.Debug|Any CPU.Build.0 = Debug|Any CPU
		{43D51B71-2DB1-4FA6-A0F8-AFDBA95B4A69}.Release|Any CPU.ActiveCfg = Release|Any CPU
		{43D51B71-2DB1-4FA6-A0F8-AFDBA95B4A69}.Release|Any CPU.Build.0 = Release|Any CPU
		{CA7EAB25-A94C-4A75-97F3-A9787C5FF585}.Debug|Any CPU.ActiveCfg = Debug|Any CPU
		{CA7EAB25-A94C-4A75-97F3-A9787C5FF585}.Debug|Any CPU.Build.0 = Debug|Any CPU
		{CA7EAB25-A94C-4A75-97F3-A9787C5FF585}.Release|Any CPU.ActiveCfg = Release|Any CPU
		{CA7EAB25-A94C-4A75-97F3-A9787C5FF585}.Release|Any CPU.Build.0 = Release|Any CPU
	EndGlobalSection
	GlobalSection(SolutionProperties) = preSolution
		HideSolutionNode = FALSE
	EndGlobalSection
	GlobalSection(ExtensibilityGlobals) = postSolution
		SolutionGuid = {6F20AB91-7B23-4C09-A786-CCE91CE7D386}
	EndGlobalSection
EndGlobal
